
Microsoft Visual Studio Solution File, Format Version 12.00
# Visual Studio Version 17
VisualStudioVersion = 17.13.35731.43 d17.13
MinimumVisualStudioVersion = 10.0.40219.1
Project("{FAE04EC0-301F-11D3-BF4B-00C04F79EFBC}") = "Ejercicio_4_Celsius_Fharenheit", "Ejercicio_4_Celsius_Fharenheit.csproj", "{30E61185-1D0E-44C6-9F08-ED675D4051F6}"
EndProject
Global
	GlobalSection(SolutionConfigurationPlatforms) = preSolution
		Debug|Any CPU = Debug|Any CPU
		Release|Any CPU = Release|Any CPU
	EndGlobalSection
	GlobalSection(ProjectConfigurationPlatforms) = postSolution
		{30E61185-1D0E-44C6-9F08-ED675D4051F6}.Debug|Any CPU.ActiveCfg = Debug|Any CPU
		{30E61185-1D0E-44C6-9F08-ED675D4051F6}.Debug|Any CPU.Build.0 = Debug|Any CPU
		{30E61185-1D0E-44C6-9F08-ED675D4051F6}.Release|Any CPU.ActiveCfg = Release|Any CPU
		{30E61185-1D0E-44C6-9F08-ED675D4051F6}.Release|Any CPU.Build.0 = Release|Any CPU
	EndGlobalSection
	GlobalSection(SolutionProperties) = preSolution
		HideSolutionNode = FALSE
	EndGlobalSection
	GlobalSection(ExtensibilityGlobals) = postSolution
		SolutionGuid = {62C7CA9A-6852-4BAA-A1E4-28FF1F2EF9CB}
	EndGlobalSection
EndGlobal
