
Microsoft Visual Studio Solution File, Format Version 12.00
# Visual Studio Version 17
VisualStudioVersion = 17.13.35731.43 d17.13
MinimumVisualStudioVersion = 10.0.40219.1
Project("{FAE04EC0-301F-11D3-BF4B-00C04F79EFBC}") = "Practica5-SistemaDeCalificaciones", "Practica5-SistemaDeCalificaciones.csproj", "{B1863A67-B368-4474-A2F6-68F3A37F88CF}"
EndProject
Global
	GlobalSection(SolutionConfigurationPlatforms) = preSolution
		Debug|Any CPU = Debug|Any CPU
		Release|Any CPU = Release|Any CPU
	EndGlobalSection
	GlobalSection(ProjectConfigurationPlatforms) = postSolution
		{B1863A67-B368-4474-A2F6-68F3A37F88CF}.Debug|Any CPU.ActiveCfg = Debug|Any CPU
		{B1863A67-B368-4474-A2F6-68F3A37F88CF}.Debug|Any CPU.Build.0 = Debug|Any CPU
		{B1863A67-B368-4474-A2F6-68F3A37F88CF}.Release|Any CPU.ActiveCfg = Release|Any CPU
		{B1863A67-B368-4474-A2F6-68F3A37F88CF}.Release|Any CPU.Build.0 = Release|Any CPU
	EndGlobalSection
	GlobalSection(SolutionProperties) = preSolution
		HideSolutionNode = FALSE
	EndGlobalSection
	GlobalSection(ExtensibilityGlobals) = postSolution
		SolutionGuid = {8D7B1FA1-BB36-4805-8CC1-F03902614B3E}
	EndGlobalSection
EndGlobal
